// !$*UTF8*$!
{
	archiveVersion = 1;
	classes = {
	};
	objectVersion = 48;
	objects = {

/* Begin PBXBuildFile section */
		65C4A9B1201EC6F700333D9D /* AppDelegate.m in Sources */ = {isa = PBXBuildFile; fileRef = 65C4A9B0201EC6F700333D9D /* AppDelegate.m */; };
		65C4A9B4201EC6F700333D9D /* ViewController.m in Sources */ = {isa = PBXBuildFile; fileRef = 65C4A9B3201EC6F700333D9D /* ViewController.m */; };
		65C4A9B7201EC6F700333D9D /* Main.storyboard in Resources */ = {isa = PBXBuildFile; fileRef = 65C4A9B5201EC6F700333D9D /* Main.storyboard */; };
		65C4A9B9201EC6F700333D9D /* Assets.xcassets in Resources */ = {isa = PBXBuildFile; fileRef = 65C4A9B8201EC6F700333D9D /* Assets.xcassets */; };
		65C4A9BC201EC6F700333D9D /* LaunchScreen.storyboard in Resources */ = {isa = PBXBuildFile; fileRef = 65C4A9BA201EC6F700333D9D /* LaunchScreen.storyboard */; };
		65C4A9BF201EC6F700333D9D /* main.m in Sources */ = {isa = PBXBuildFile; fileRef = 65C4A9BE201EC6F700333D9D /* main.m */; };
		65C4A9C9201EC6F700333D9D /* Open_GL_ES_Demo_2_Tests.m in Sources */ = {isa = PBXBuildFile; fileRef = 65C4A9C8201EC6F700333D9D /* Open_GL_ES_Demo_2_Tests.m */; };
		65C4A9D4201EC6F700333D9D /* Open_GL_ES_Demo_2_UITests.m in Sources */ = {isa = PBXBuildFile; fileRef = 65C4A9D3201EC6F700333D9D /* Open_GL_ES_Demo_2_UITests.m */; };
		65C4A9E2201EC7D800333D9D /* bg.jpg in Resources */ = {isa = PBXBuildFile; fileRef = 65C4A9E1201EC7D800333D9D /* bg.jpg */; };
		65C4A9EF201ED24100333D9D /* ShaderManager.m in Sources */ = {isa = PBXBuildFile; fileRef = 65C4A9EB201ED24100333D9D /* ShaderManager.m */; };
		65C4A9F0201ED24100333D9D /* AGLKVertexAttribArrayBuffer.m in Sources */ = {isa = PBXBuildFile; fileRef = 65C4A9EC201ED24100333D9D /* AGLKVertexAttribArrayBuffer.m */; };
/* End PBXBuildFile section */

/* Begin PBXContainerItemProxy section */
		65C4A9C5201EC6F700333D9D /* PBXContainerItemProxy */ = {
			isa = PBXContainerItemProxy;
			containerPortal = 65C4A9A4201EC6F700333D9D /* Project object */;
			proxyType = 1;
			remoteGlobalIDString = 65C4A9AB201EC6F700333D9D;
			remoteInfo = "Open_GL_ES_Demo(2)";
		};
		65C4A9D0201EC6F700333D9D /* PBXContainerItemProxy */ = {
			isa = PBXContainerItemProxy;
			containerPortal = 65C4A9A4201EC6F700333D9D /* Project object */;
			proxyType = 1;
			remoteGlobalIDString = 65C4A9AB201EC6F700333D9D;
			remoteInfo = "Open_GL_ES_Demo(2)";
		};
/* End PBXContainerItemProxy section */

/* Begin PBXFileReference section */
		65C4A9AC201EC6F700333D9D /* Open_GL_ES_Demo(2).app */ = {isa = PBXFileReference; explicitFileType = wrapper.application; includeInIndex = 0; path = "Open_GL_ES_Demo(2).app"; sourceTree = BUILT_PRODUCTS_DIR; };
		65C4A9AF201EC6F700333D9D /* AppDelegate.h */ = {isa = PBXFileReference; lastKnownFileType = sourcecode.c.h; path = AppDelegate.h; sourceTree = "<group>"; };
		65C4A9B0201EC6F700333D9D /* AppDelegate.m */ = {isa = PBXFileReference; lastKnownFileType = sourcecode.c.objc; path = AppDelegate.m; sourceTree = "<group>"; };
		65C4A9B2201EC6F700333D9D /* ViewController.h */ = {isa = PBXFileReference; lastKnownFileType = sourcecode.c.h; path = ViewController.h; sourceTree = "<group>"; };
		65C4A9B3201EC6F700333D9D /* ViewController.m */ = {isa = PBXFileReference; lastKnownFileType = sourcecode.c.objc; path = ViewController.m; sourceTree = "<group>"; };
		65C4A9B6201EC6F700333D9D /* Base */ = {isa = PBXFileReference; lastKnownFileType = file.storyboard; name = Base; path = Base.lproj/Main.storyboard; sourceTree = "<group>"; };
		65C4A9B8201EC6F700333D9D /* Assets.xcassets */ = {isa = PBXFileReference; lastKnownFileType = folder.assetcatalog; path = Assets.xcassets; sourceTree = "<group>"; };
		65C4A9BB201EC6F700333D9D /* Base */ = {isa = PBXFileReference; lastKnownFileType = file.storyboard; name = Base; path = Base.lproj/LaunchScreen.storyboard; sourceTree = "<group>"; };
		65C4A9BD201EC6F700333D9D /* Info.plist */ = {isa = PBXFileReference; lastKnownFileType = text.plist.xml; path = Info.plist; sourceTree = "<group>"; };
		65C4A9BE201EC6F700333D9D /* main.m */ = {isa = PBXFileReference; lastKnownFileType = sourcecode.c.objc; path = main.m; sourceTree = "<group>"; };
		65C4A9C4201EC6F700333D9D /* Open_GL_ES_Demo(2)Tests.xctest */ = {isa = PBXFileReference; explicitFileType = wrapper.cfbundle; includeInIndex = 0; path = "Open_GL_ES_Demo(2)Tests.xctest"; sourceTree = BUILT_PRODUCTS_DIR; };
		65C4A9C8201EC6F700333D9D /* Open_GL_ES_Demo_2_Tests.m */ = {isa = PBXFileReference; lastKnownFileType = sourcecode.c.objc; path = Open_GL_ES_Demo_2_Tests.m; sourceTree = "<group>"; };
		65C4A9CA201EC6F700333D9D /* Info.plist */ = {isa = PBXFileReference; lastKnownFileType = text.plist.xml; path = Info.plist; sourceTree = "<group>"; };
		65C4A9CF201EC6F700333D9D /* Open_GL_ES_Demo(2)UITests.xctest */ = {isa = PBXFileReference; explicitFileType = wrapper.cfbundle; includeInIndex = 0; path = "Open_GL_ES_Demo(2)UITests.xctest"; sourceTree = BUILT_PRODUCTS_DIR; };
		65C4A9D3201EC6F700333D9D /* Open_GL_ES_Demo_2_UITests.m */ = {isa = PBXFileReference; lastKnownFileType = sourcecode.c.objc; path = Open_GL_ES_Demo_2_UITests.m; sourceTree = "<group>"; };
		65C4A9D5201EC6F700333D9D /* Info.plist */ = {isa = PBXFileReference; lastKnownFileType = text.plist.xml; path = Info.plist; sourceTree = "<group>"; };
		65C4A9E1201EC7D800333D9D /* bg.jpg */ = {isa = PBXFileReference; lastKnownFileType = image.jpeg; path = bg.jpg; sourceTree = "<group>"; };
		65C4A9EB201ED24100333D9D /* ShaderManager.m */ = {isa = PBXFileReference; fileEncoding = 4; lastKnownFileType = sourcecode.c.objc; path = ShaderManager.m; sourceTree = "<group>"; };
		65C4A9EC201ED24100333D9D /* AGLKVertexAttribArrayBuffer.m */ = {isa = PBXFileReference; fileEncoding = 4; lastKnownFileType = sourcecode.c.objc; path = AGLKVertexAttribArrayBuffer.m; sourceTree = "<group>"; };
		65C4A9ED201ED24100333D9D /* ShaderManager.h */ = {isa = PBXFileReference; fileEncoding = 4; lastKnownFileType = sourcecode.c.h; path = ShaderManager.h; sourceTree = "<group>"; };
		65C4A9EE201ED24100333D9D /* AGLKVertexAttribArrayBuffer.h */ = {isa = PBXFileReference; fileEncoding = 4; lastKnownFileType = sourcecode.c.h; path = AGLKVertexAttribArrayBuffer.h; sourceTree = "<group>"; };
/* End PBXFileReference section */

/* Begin PBXFrameworksBuildPhase section */
		65C4A9A9201EC6F700333D9D /* Frameworks */ = {
			isa = PBXFrameworksBuildPhase;
			buildActionMask = 2147483647;
			files = (
			);
			runOnlyForDeploymentPostprocessing = 0;
		};
		65C4A9C1201EC6F700333D9D /* Frameworks */ = {
			isa = PBXFrameworksBuildPhase;
			buildActionMask = 2147483647;
			files = (
			);
			runOnlyForDeploymentPostprocessing = 0;
		};
		65C4A9CC201EC6F700333D9D /* Frameworks */ = {
			isa = PBXFrameworksBuildPhase;
			buildActionMask = 2147483647;
			files = (
			);
			runOnlyForDeploymentPostprocessing = 0;
		};
/* End PBXFrameworksBuildPhase section */

/* Begin PBXGroup section */
		65C4A9A3201EC6F600333D9D = {
			isa = PBXGroup;
			children = (
				65C4A9AE201EC6F700333D9D /* Open_GL_ES_Demo(2) */,
				65C4A9C7201EC6F700333D9D /* Open_GL_ES_Demo(2)Tests */,
				65C4A9D2201EC6F700333D9D /* Open_GL_ES_Demo(2)UITests */,
				65C4A9AD201EC6F700333D9D /* Products */,
			);
			sourceTree = "<group>";
		};
		65C4A9AD201EC6F700333D9D /* Products */ = {
			isa = PBXGroup;
			children = (
				65C4A9AC201EC6F700333D9D /* Open_GL_ES_Demo(2).app */,
				65C4A9C4201EC6F700333D9D /* Open_GL_ES_Demo(2)Tests.xctest */,
				65C4A9CF201EC6F700333D9D /* Open_GL_ES_Demo(2)UITests.xctest */,
			);
			name = Products;
			sourceTree = "<group>";
		};
		65C4A9AE201EC6F700333D9D /* Open_GL_ES_Demo(2) */ = {
			isa = PBXGroup;
			children = (
				65C4A9EA201ED24100333D9D /* utils */,
				65C4A9E1201EC7D800333D9D /* bg.jpg */,
				65C4A9AF201EC6F700333D9D /* AppDelegate.h */,
				65C4A9B0201EC6F700333D9D /* AppDelegate.m */,
				65C4A9B2201EC6F700333D9D /* ViewController.h */,
				65C4A9B3201EC6F700333D9D /* ViewController.m */,
				65C4A9B5201EC6F700333D9D /* Main.storyboard */,
				65C4A9B8201EC6F700333D9D /* Assets.xcassets */,
				65C4A9BA201EC6F700333D9D /* LaunchScreen.storyboard */,
				65C4A9BD201EC6F700333D9D /* Info.plist */,
				65C4A9BE201EC6F700333D9D /* main.m */,
			);
			path = "Open_GL_ES_Demo(2)";
			sourceTree = "<group>";
		};
		65C4A9C7201EC6F700333D9D /* Open_GL_ES_Demo(2)Tests */ = {
			isa = PBXGroup;
			children = (
				65C4A9C8201EC6F700333D9D /* Open_GL_ES_Demo_2_Tests.m */,
				65C4A9CA201EC6F700333D9D /* Info.plist */,
			);
			path = "Open_GL_ES_Demo(2)Tests";
			sourceTree = "<group>";
		};
		65C4A9D2201EC6F700333D9D /* Open_GL_ES_Demo(2)UITests */ = {
			isa = PBXGroup;
			children = (
				65C4A9D3201EC6F700333D9D /* Open_GL_ES_Demo_2_UITests.m */,
				65C4A9D5201EC6F700333D9D /* Info.plist */,
			);
			path = "Open_GL_ES_Demo(2)UITests";
			sourceTree = "<group>";
		};
		65C4A9EA201ED24100333D9D /* utils */ = {
			isa = PBXGroup;
			children = (
				65C4A9EB201ED24100333D9D /* ShaderManager.m */,
				65C4A9EC201ED24100333D9D /* AGLKVertexAttribArrayBuffer.m */,
				65C4A9ED201ED24100333D9D /* ShaderManager.h */,
				65C4A9EE201ED24100333D9D /* AGLKVertexAttribArrayBuffer.h */,
			);
			path = utils;
			sourceTree = "<group>";
		};
/* End PBXGroup section */

/* Begin PBXNativeTarget section */
		65C4A9AB201EC6F700333D9D /* Open_GL_ES_Demo(2) */ = {
			isa = PBXNativeTarget;
			buildConfigurationList = 65C4A9D8201EC6F700333D9D /* Build configuration list for PBXNativeTarget "Open_GL_ES_Demo(2)" */;
			buildPhases = (
				65C4A9A8201EC6F700333D9D /* Sources */,
				65C4A9A9201EC6F700333D9D /* Frameworks */,
				65C4A9AA201EC6F700333D9D /* Resources */,
			);
			buildRules = (
			);
			dependencies = (
			);
			name = "Open_GL_ES_Demo(2)";
			productName = "Open_GL_ES_Demo(2)";
			productReference = 65C4A9AC201EC6F700333D9D /* Open_GL_ES_Demo(2).app */;
			productType = "com.apple.product-type.application";
		};
		65C4A9C3201EC6F700333D9D /* Open_GL_ES_Demo(2)Tests */ = {
			isa = PBXNativeTarget;
			buildConfigurationList = 65C4A9DB201EC6F700333D9D /* Build configuration list for PBXNativeTarget "Open_GL_ES_Demo(2)Tests" */;
			buildPhases = (
				65C4A9C0201EC6F700333D9D /* Sources */,
				65C4A9C1201EC6F700333D9D /* Frameworks */,
				65C4A9C2201EC6F700333D9D /* Resources */,
			);
			buildRules = (
			);
			dependencies = (
				65C4A9C6201EC6F700333D9D /* PBXTargetDependency */,
			);
			name = "Open_GL_ES_Demo(2)Tests";
			productName = "Open_GL_ES_Demo(2)Tests";
			productReference = 65C4A9C4201EC6F700333D9D /* Open_GL_ES_Demo(2)Tests.xctest */;
			productType = "com.apple.product-type.bundle.unit-test";
		};
		65C4A9CE201EC6F700333D9D /* Open_GL_ES_Demo(2)UITests */ = {
			isa = PBXNativeTarget;
			buildConfigurationList = 65C4A9DE201EC6F700333D9D /* Build configuration list for PBXNativeTarget "Open_GL_ES_Demo(2)UITests" */;
			buildPhases = (
				65C4A9CB201EC6F700333D9D /* Sources */,
				65C4A9CC201EC6F700333D9D /* Frameworks */,
				65C4A9CD201EC6F700333D9D /* Resources */,
			);
			buildRules = (
			);
			dependencies = (
				65C4A9D1201EC6F700333D9D /* PBXTargetDependency */,
			);
			name = "Open_GL_ES_Demo(2)UITests";
			productName = "Open_GL_ES_Demo(2)UITests";
			productReference = 65C4A9CF201EC6F700333D9D /* Open_GL_ES_Demo(2)UITests.xctest */;
			productType = "com.apple.product-type.bundle.ui-testing";
		};
/* End PBXNativeTarget section */

/* Begin PBXProject section */
		65C4A9A4201EC6F700333D9D /* Project object */ = {
			isa = PBXProject;
			attributes = {
				LastUpgradeCheck = 0910;
				ORGANIZATIONNAME = "温杰";
				TargetAttributes = {
					65C4A9AB201EC6F700333D9D = {
						CreatedOnToolsVersion = 9.1;
						ProvisioningStyle = Automatic;
					};
					65C4A9C3201EC6F700333D9D = {
						CreatedOnToolsVersion = 9.1;
						ProvisioningStyle = Automatic;
						TestTargetID = 65C4A9AB201EC6F700333D9D;
					};
					65C4A9CE201EC6F700333D9D = {
						CreatedOnToolsVersion = 9.1;
						ProvisioningStyle = Automatic;
						TestTargetID = 65C4A9AB201EC6F700333D9D;
					};
				};
			};
			buildConfigurationList = 65C4A9A7201EC6F700333D9D /* Build configuration list for PBXProject "Open_GL_ES_Demo(2)" */;
			compatibilityVersion = "Xcode 8.0";
			developmentRegion = en;
			hasScannedForEncodings = 0;
			knownRegions = (
				en,
				Base,
			);
			mainGroup = 65C4A9A3201EC6F600333D9D;
			productRefGroup = 65C4A9AD201EC6F700333D9D /* Products */;
			projectDirPath = "";
			projectRoot = "";
			targets = (
				65C4A9AB201EC6F700333D9D /* Open_GL_ES_Demo(2) */,
				65C4A9C3201EC6F700333D9D /* Open_GL_ES_Demo(2)Tests */,
				65C4A9CE201EC6F700333D9D /* Open_GL_ES_Demo(2)UITests */,
			);
		};
/* End PBXProject section */

/* Begin PBXResourcesBuildPhase section */
		65C4A9AA201EC6F700333D9D /* Resources */ = {
			isa = PBXResourcesBuildPhase;
			buildActionMask = 2147483647;
			files = (
				65C4A9BC201EC6F700333D9D /* LaunchScreen.storyboard in Resources */,
				65C4A9B9201EC6F700333D9D /* Assets.xcassets in Resources */,
				65C4A9E2201EC7D800333D9D /* bg.jpg in Resources */,
				65C4A9B7201EC6F700333D9D /* Main.storyboard in Resources */,
			);
			runOnlyForDeploymentPostprocessing = 0;
		};
		65C4A9C2201EC6F700333D9D /* Resources */ = {
			isa = PBXResourcesBuildPhase;
			buildActionMask = 2147483647;
			files = (
			);
			runOnlyForDeploymentPostprocessing = 0;
		};
		65C4A9CD201EC6F700333D9D /* Resources */ = {
			isa = PBXResourcesBuildPhase;
			buildActionMask = 2147483647;
			files = (
			);
			runOnlyForDeploymentPostprocessing = 0;
		};
/* End PBXResourcesBuildPhase section */

/* Begin PBXSourcesBuildPhase section */
		65C4A9A8201EC6F700333D9D /* Sources */ = {
			isa = PBXSourcesBuildPhase;
			buildActionMask = 2147483647;
			files = (
				65C4A9B4201EC6F700333D9D /* ViewController.m in Sources */,
				65C4A9BF201EC6F700333D9D /* main.m in Sources */,
				65C4A9EF201ED24100333D9D /* ShaderManager.m in Sources */,
				65C4A9B1201EC6F700333D9D /* AppDelegate.m in Sources */,
				65C4A9F0201ED24100333D9D /* AGLKVertexAttribArrayBuffer.m in Sources */,
			);
			runOnlyForDeploymentPostprocessing = 0;
		};
		65C4A9C0201EC6F700333D9D /* Sources */ = {
			isa = PBXSourcesBuildPhase;
			buildActionMask = 2147483647;
			files = (
				65C4A9C9201EC6F700333D9D /* Open_GL_ES_Demo_2_Tests.m in Sources */,
			);
			runOnlyForDeploymentPostprocessing = 0;
		};
		65C4A9CB201EC6F700333D9D /* Sources */ = {
			isa = PBXSourcesBuildPhase;
			buildActionMask = 2147483647;
			files = (
				65C4A9D4201EC6F700333D9D /* Open_GL_ES_Demo_2_UITests.m in Sources */,
			);
			runOnlyForDeploymentPostprocessing = 0;
		};
/* End PBXSourcesBuildPhase section */

/* Begin PBXTargetDependency section */
		65C4A9C6201EC6F700333D9D /* PBXTargetDependency */ = {
			isa = PBXTargetDependency;
			target = 65C4A9AB201EC6F700333D9D /* Open_GL_ES_Demo(2) */;
			targetProxy = 65C4A9C5201EC6F700333D9D /* PBXContainerItemProxy */;
		};
		65C4A9D1201EC6F700333D9D /* PBXTargetDependency */ = {
			isa = PBXTargetDependency;
			target = 65C4A9AB201EC6F700333D9D /* Open_GL_ES_Demo(2) */;
			targetProxy = 65C4A9D0201EC6F700333D9D /* PBXContainerItemProxy */;
		};
/* End PBXTargetDependency section */

/* Begin PBXVariantGroup section */
		65C4A9B5201EC6F700333D9D /* Main.storyboard */ = {
			isa = PBXVariantGroup;
			children = (
				65C4A9B6201EC6F700333D9D /* Base */,
			);
			name = Main.storyboard;
			sourceTree = "<group>";
		};
		65C4A9BA201EC6F700333D9D /* LaunchScreen.storyboard */ = {
			isa = PBXVariantGroup;
			children = (
				65C4A9BB201EC6F700333D9D /* Base */,
			);
			name = LaunchScreen.storyboard;
			sourceTree = "<group>";
		};
/* End PBXVariantGroup section */

/* Begin XCBuildConfiguration section */
		65C4A9D6201EC6F700333D9D /* Debug */ = {
			isa = XCBuildConfiguration;
			buildSettings = {
				ALWAYS_SEARCH_USER_PATHS = NO;
				CLANG_ANALYZER_NONNULL = YES;
				CLANG_ANALYZER_NUMBER_OBJECT_CONVERSION = YES_AGGRESSIVE;
				CLANG_CXX_LANGUAGE_STANDARD = "gnu++14";
				CLANG_CXX_LIBRARY = "libc++";
				CLANG_ENABLE_MODULES = YES;
				CLANG_ENABLE_OBJC_ARC = YES;
				CLANG_WARN_BLOCK_CAPTURE_AUTORELEASING = YES;
				CLANG_WARN_BOOL_CONVERSION = YES;
				CLANG_WARN_COMMA = YES;
				CLANG_WARN_CONSTANT_CONVERSION = YES;
				CLANG_WARN_DIRECT_OBJC_ISA_USAGE = YES_ERROR;
				CLANG_WARN_DOCUMENTATION_COMMENTS = YES;
				CLANG_WARN_EMPTY_BODY = YES;
				CLANG_WARN_ENUM_CONVERSION = YES;
				CLANG_WARN_INFINITE_RECURSION = YES;
				CLANG_WARN_INT_CONVERSION = YES;
				CLANG_WARN_NON_LITERAL_NULL_CONVERSION = YES;
				CLANG_WARN_OBJC_LITERAL_CONVERSION = YES;
				CLANG_WARN_OBJC_ROOT_CLASS = YES_ERROR;
				CLANG_WARN_RANGE_LOOP_ANALYSIS = YES;
				CLANG_WARN_STRICT_PROTOTYPES = YES;
				CLANG_WARN_SUSPICIOUS_MOVE = YES;
				CLANG_WARN_UNGUARDED_AVAILABILITY = YES_AGGRESSIVE;
				CLANG_WARN_UNREACHABLE_CODE = YES;
				CLANG_WARN__DUPLICATE_METHOD_MATCH = YES;
				CODE_SIGN_IDENTITY = "iPhone Developer";
				COPY_PHASE_STRIP = NO;
				DEBUG_INFORMATION_FORMAT = dwarf;
				ENABLE_STRICT_OBJC_MSGSEND = YES;
				ENABLE_TESTABILITY = YES;
				GCC_C_LANGUAGE_STANDARD = gnu11;
				GCC_DYNAMIC_NO_PIC = NO;
				GCC_NO_COMMON_BLOCKS = YES;
				GCC_OPTIMIZATION_LEVEL = 0;
				GCC_PREPROCESSOR_DEFINITIONS = (
					"DEBUG=1",
					"$(inherited)",
				);
				GCC_WARN_64_TO_32_BIT_CONVERSION = YES;
				GCC_WARN_ABOUT_RETURN_TYPE = YES_ERROR;
				GCC_WARN_UNDECLARED_SELECTOR = YES;
				GCC_WARN_UNINITIALIZED_AUTOS = YES_AGGRESSIVE;
				GCC_WARN_UNUSED_FUNCTION = YES;
				GCC_WARN_UNUSED_VARIABLE = YES;
				IPHONEOS_DEPLOYMENT_TARGET = 11.1;
				MTL_ENABLE_DEBUG_INFO = YES;
				ONLY_ACTIVE_ARCH = YES;
				SDKROOT = iphoneos;
			};
			name = Debug;
		};
		65C4A9D7201EC6F700333D9D /* Release */ = {
			isa = XCBuildConfiguration;
			buildSettings = {
				ALWAYS_SEARCH_USER_PATHS = NO;
				CLANG_ANALYZER_NONNULL = YES;
				CLANG_ANALYZER_NUMBER_OBJECT_CONVERSION = YES_AGGRESSIVE;
				CLANG_CXX_LANGUAGE_STANDARD = "gnu++14";
				CLANG_CXX_LIBRARY = "libc++";
				CLANG_ENABLE_MODULES = YES;
				CLANG_ENABLE_OBJC_ARC = YES;
				CLANG_WARN_BLOCK_CAPTURE_AUTORELEASING = YES;
				CLANG_WARN_BOOL_CONVERSION = YES;
				CLANG_WARN_COMMA = YES;
				CLANG_WARN_CONSTANT_CONVERSION = YES;
				CLANG_WARN_DIRECT_OBJC_ISA_USAGE = YES_ERROR;
				CLANG_WARN_DOCUMENTATION_COMMENTS = YES;
				CLANG_WARN_EMPTY_BODY = YES;
				CLANG_WARN_ENUM_CONVERSION = YES;
				CLANG_WARN_INFINITE_RECURSION = YES;
				CLANG_WARN_INT_CONVERSION = YES;
				CLANG_WARN_NON_LITERAL_NULL_CONVERSION = YES;
				CLANG_WARN_OBJC_LITERAL_CONVERSION = YES;
				CLANG_WARN_OBJC_ROOT_CLASS = YES_ERROR;
				CLANG_WARN_RANGE_LOOP_ANALYSIS = YES;
				CLANG_WARN_STRICT_PROTOTYPES = YES;
				CLANG_WARN_SUSPICIOUS_MOVE = YES;
				CLANG_WARN_UNGUARDED_AVAILABILITY = YES_AGGRESSIVE;
				CLANG_WARN_UNREACHABLE_CODE = YES;
				CLANG_WARN__DUPLICATE_METHOD_MATCH = YES;
				CODE_SIGN_IDENTITY = "iPhone Developer";
				COPY_PHASE_STRIP = NO;
				DEBUG_INFORMATION_FORMAT = "dwarf-with-dsym";
				ENABLE_NS_ASSERTIONS = NO;
				ENABLE_STRICT_OBJC_MSGSEND = YES;
				GCC_C_LANGUAGE_STANDARD = gnu11;
				GCC_NO_COMMON_BLOCKS = YES;
				GCC_WARN_64_TO_32_BIT_CONVERSION = YES;
				GCC_WARN_ABOUT_RETURN_TYPE = YES_ERROR;
				GCC_WARN_UNDECLARED_SELECTOR = YES;
				GCC_WARN_UNINITIALIZED_AUTOS = YES_AGGRESSIVE;
				GCC_WARN_UNUSED_FUNCTION = YES;
				GCC_WARN_UNUSED_VARIABLE = YES;
				IPHONEOS_DEPLOYMENT_TARGET = 11.1;
				MTL_ENABLE_DEBUG_INFO = NO;
				SDKROOT = iphoneos;
				VALIDATE_PRODUCT = YES;
			};
			name = Release;
		};
		65C4A9D9201EC6F700333D9D /* Debug */ = {
			isa = XCBuildConfiguration;
			buildSettings = {
				ASSETCATALOG_COMPILER_APPICON_NAME = AppIcon;
				CODE_SIGN_STYLE = Automatic;
				DEVELOPMENT_TEAM = K7Q4CW468Q;
				INFOPLIST_FILE = "Open_GL_ES_Demo(2)/Info.plist";
				LD_RUNPATH_SEARCH_PATHS = "$(inherited) @executable_path/Frameworks";
				PRODUCT_BUNDLE_IDENTIFIER = "ETCP.Open-GL-ES-Demo-2-";
				PRODUCT_NAME = "$(TARGET_NAME)";
				TARGETED_DEVICE_FAMILY = "1,2";
			};
			name = Debug;
		};
		65C4A9DA201EC6F700333D9D /* Release */ = {
			isa = XCBuildConfiguration;
			buildSettings = {
				ASSETCATALOG_COMPILER_APPICON_NAME = AppIcon;
				CODE_SIGN_STYLE = Automatic;
				DEVELOPMENT_TEAM = K7Q4CW468Q;
				INFOPLIST_FILE = "Open_GL_ES_Demo(2)/Info.plist";
				LD_RUNPATH_SEARCH_PATHS = "$(inherited) @executable_path/Frameworks";
				PRODUCT_BUNDLE_IDENTIFIER = "ETCP.Open-GL-ES-Demo-2-";
				PRODUCT_NAME = "$(TARGET_NAME)";
				TARGETED_DEVICE_FAMILY = "1,2";
			};
			name = Release;
		};
		65C4A9DC201EC6F700333D9D /* Debug */ = {
			isa = XCBuildConfiguration;
			buildSettings = {
				BUNDLE_LOADER = "$(TEST_HOST)";
				CODE_SIGN_STYLE = Automatic;
				DEVELOPMENT_TEAM = K7Q4CW468Q;
				INFOPLIST_FILE = "Open_GL_ES_Demo(2)Tests/Info.plist";
				LD_RUNPATH_SEARCH_PATHS = "$(inherited) @executable_path/Frameworks @loader_path/Frameworks";
				PRODUCT_BUNDLE_IDENTIFIER = "ETCP.Open-GL-ES-Demo-2-Tests";
				PRODUCT_NAME = "$(TARGET_NAME)";
				TARGETED_DEVICE_FAMILY = "1,2";
				TEST_HOST = "$(BUILT_PRODUCTS_DIR)/Open_GL_ES_Demo(2).app/Open_GL_ES_Demo(2)";
			};
			name = Debug;
		};
		65C4A9DD201EC6F700333D9D /* Release */ = {
			isa = XCBuildConfiguration;
			buildSettings = {
				BUNDLE_LOADER = "$(TEST_HOST)";
				CODE_SIGN_STYLE = Automatic;
				DEVELOPMENT_TEAM = K7Q4CW468Q;
				INFOPLIST_FILE = "Open_GL_ES_Demo(2)Tests/Info.plist";
				LD_RUNPATH_SEARCH_PATHS = "$(inherited) @executable_path/Frameworks @loader_path/Frameworks";
				PRODUCT_BUNDLE_IDENTIFIER = "ETCP.Open-GL-ES-Demo-2-Tests";
				PRODUCT_NAME = "$(TARGET_NAME)";
				TARGETED_DEVICE_FAMILY = "1,2";
				TEST_HOST = "$(BUILT_PRODUCTS_DIR)/Open_GL_ES_Demo(2).app/Open_GL_ES_Demo(2)";
			};
			name = Release;
		};
		65C4A9DF201EC6F700333D9D /* Debug */ = {
			isa = XCBuildConfiguration;
			buildSettings = {
				CODE_SIGN_STYLE = Automatic;
				DEVELOPMENT_TEAM = K7Q4CW468Q;
				INFOPLIST_FILE = "Open_GL_ES_Demo(2)UITests/Info.plist";
				LD_RUNPATH_SEARCH_PATHS = "$(inherited) @executable_path/Frameworks @loader_path/Frameworks";
				PRODUCT_BUNDLE_IDENTIFIER = "ETCP.Open-GL-ES-Demo-2-UITests";
				PRODUCT_NAME = "$(TARGET_NAME)";
				TARGETED_DEVICE_FAMILY = "1,2";
				TEST_TARGET_NAME = "Open_GL_ES_Demo(2)";
			};
			name = Debug;
		};
		65C4A9E0201EC6F700333D9D /* Release */ = {
			isa = XCBuildConfiguration;
			buildSettings = {
				CODE_SIGN_STYLE = Automatic;
				DEVELOPMENT_TEAM = K7Q4CW468Q;
				INFOPLIST_FILE = "Open_GL_ES_Demo(2)UITests/Info.plist";
				LD_RUNPATH_SEARCH_PATHS = "$(inherited) @executable_path/Frameworks @loader_path/Frameworks";
				PRODUCT_BUNDLE_IDENTIFIER = "ETCP.Open-GL-ES-Demo-2-UITests";
				PRODUCT_NAME = "$(TARGET_NAME)";
				TARGETED_DEVICE_FAMILY = "1,2";
				TEST_TARGET_NAME = "Open_GL_ES_Demo(2)";
			};
			name = Release;
		};
/* End XCBuildConfiguration section */

/* Begin XCConfigurationList section */
		65C4A9A7201EC6F700333D9D /* Build configuration list for PBXProject "Open_GL_ES_Demo(2)" */ = {
			isa = XCConfigurationList;
			buildConfigurations = (
				65C4A9D6201EC6F700333D9D /* Debug */,
				65C4A9D7201EC6F700333D9D /* Release */,
			);
			defaultConfigurationIsVisible = 0;
			defaultConfigurationName = Release;
		};
		65C4A9D8201EC6F700333D9D /* Build configuration list for PBXNativeTarget "Open_GL_ES_Demo(2)" */ = {
			isa = XCConfigurationList;
			buildConfigurations = (
				65C4A9D9201EC6F700333D9D /* Debug */,
				65C4A9DA201EC6F700333D9D /* Release */,
			);
			defaultConfigurationIsVisible = 0;
			defaultConfigurationName = Release;
		};
		65C4A9DB201EC6F700333D9D /* Build configuration list for PBXNativeTarget "Open_GL_ES_Demo(2)Tests" */ = {
			isa = XCConfigurationList;
			buildConfigurations = (
				65C4A9DC201EC6F700333D9D /* Debug */,
				65C4A9DD201EC6F700333D9D /* Release */,
			);
			defaultConfigurationIsVisible = 0;
			defaultConfigurationName = Release;
		};
		65C4A9DE201EC6F700333D9D /* Build configuration list for PBXNativeTarget "Open_GL_ES_Demo(2)UITests" */ = {
			isa = XCConfigurationList;
			buildConfigurations = (
				65C4A9DF201EC6F700333D9D /* Debug */,
				65C4A9E0201EC6F700333D9D /* Release */,
			);
			defaultConfigurationIsVisible = 0;
			defaultConfigurationName = Release;
		};
/* End XCConfigurationList section */
	};
	rootObject = 65C4A9A4201EC6F700333D9D /* Project object */;
}
